// !$*UTF8*$!
{
	archiveVersion = 1;
	classes = {
	};
	objectVersion = 56;
	objects = {

/* Begin PBXBuildFile section */
		6009752D29EC6D14002DF6AD /* game_state.c in Sources */ = {isa = PBXBuildFile; fileRef = 6009752C29EC6D14002DF6AD /* game_state.c */; };
		600D4C2E29F480990013244B /* menu.c in Sources */ = {isa = PBXBuildFile; fileRef = 600D4C2D29F480990013244B /* menu.c */; };
		601121372915ED80004A0AF3 /* gen_dungeon.c in Sources */ = {isa = PBXBuildFile; fileRef = 601121362915ED80004A0AF3 /* gen_dungeon.c */; };
		6011213B2915EF8A004A0AF3 /* map.c in Sources */ = {isa = PBXBuildFile; fileRef = 6011213A2915EF8A004A0AF3 /* map.c */; };
		6011213D2915F06B004A0AF3 /* debug.c in Sources */ = {isa = PBXBuildFile; fileRef = 6011213C2915F06B004A0AF3 /* debug.c */; };
		6011214029189F4B004A0AF3 /* actor.c in Sources */ = {isa = PBXBuildFile; fileRef = 6011213F29189F4B004A0AF3 /* actor.c */; };
		60373EE929FAB6B5001CCE44 /* sprite.c in Sources */ = {isa = PBXBuildFile; fileRef = 60373ECD29FAB6B5001CCE44 /* sprite.c */; };
		60373EEA29FAB6B5001CCE44 /* genlib.c in Sources */ = {isa = PBXBuildFile; fileRef = 60373ECE29FAB6B5001CCE44 /* genlib.c */; };
		60373EEB29FAB6B5001CCE44 /* list.c in Sources */ = {isa = PBXBuildFile; fileRef = 60373ED029FAB6B5001CCE44 /* list.c */; };
		60373EEC29FAB6B5001CCE44 /* array.c in Sources */ = {isa = PBXBuildFile; fileRef = 60373ED129FAB6B5001CCE44 /* array.c */; };
		60373EED29FAB6B5001CCE44 /* video.c in Sources */ = {isa = PBXBuildFile; fileRef = 60373ED229FAB6B5001CCE44 /* video.c */; };
		60373EEE29FAB6B5001CCE44 /* stack.c in Sources */ = {isa = PBXBuildFile; fileRef = 60373ED329FAB6B5001CCE44 /* stack.c */; };
		60373EEF29FAB6B5001CCE44 /* vector.c in Sources */ = {isa = PBXBuildFile; fileRef = 60373ED429FAB6B5001CCE44 /* vector.c */; };
		60373EF029FAB6B5001CCE44 /* texture.c in Sources */ = {isa = PBXBuildFile; fileRef = 60373ED629FAB6B5001CCE44 /* texture.c */; };
		60373EF129FAB6B5001CCE44 /* input.c in Sources */ = {isa = PBXBuildFile; fileRef = 60373ED929FAB6B5001CCE44 /* input.c */; };
		60373EF229FAB6B5001CCE44 /* sound.c in Sources */ = {isa = PBXBuildFile; fileRef = 60373EDB29FAB6B5001CCE44 /* sound.c */; };
		60373EF329FAB6B5001CCE44 /* mathlib.c in Sources */ = {isa = PBXBuildFile; fileRef = 60373EE029FAB6B5001CCE44 /* mathlib.c */; };
		6041A51429F71C4E002E2E92 /* actors.c in Sources */ = {isa = PBXBuildFile; fileRef = 6041A51329F71C4E002E2E92 /* actors.c */; };
		6041A51729F8AB26002E2E92 /* blob.c in Sources */ = {isa = PBXBuildFile; fileRef = 6041A51629F8AB26002E2E92 /* blob.c */; };
		6041A51A29F94CAD002E2E92 /* loot.c in Sources */ = {isa = PBXBuildFile; fileRef = 6041A51929F94CAD002E2E92 /* loot.c */; };
		60558AAA291AF9CC00814C16 /* contact.c in Sources */ = {isa = PBXBuildFile; fileRef = 60558AA9291AF9CC00814C16 /* contact.c */; };
		60558AAC291B08F400814C16 /* action.c in Sources */ = {isa = PBXBuildFile; fileRef = 60558AAB291B08F400814C16 /* action.c */; };
		60577A3D29EA48B400BF0AD8 /* world.c in Sources */ = {isa = PBXBuildFile; fileRef = 60577A3C29EA48B400BF0AD8 /* world.c */; };
		60637F2D29136A4200352516 /* game.c in Sources */ = {isa = PBXBuildFile; fileRef = 60637F2C29136A4200352516 /* game.c */; };
		607AFE6229EAF26B0007D55E /* render.c in Sources */ = {isa = PBXBuildFile; fileRef = 607AFE6129EAF26B0007D55E /* render.c */; };
		607AFE6529EB10D20007D55E /* inventory.c in Sources */ = {isa = PBXBuildFile; fileRef = 607AFE6429EB10D20007D55E /* inventory.c */; };
		607E792529D8C112006FA184 /* gen_forest.c in Sources */ = {isa = PBXBuildFile; fileRef = 607E792429D8C112006FA184 /* gen_forest.c */; };
		608E80BC29354A830060A04D /* animation.c in Sources */ = {isa = PBXBuildFile; fileRef = 608E80BB29354A830060A04D /* animation.c */; };
		608E80BE2937A05F0060A04D /* player.c in Sources */ = {isa = PBXBuildFile; fileRef = 608E80BD2937A05F0060A04D /* player.c */; };
		60E8548A29D4F1D500C606D7 /* icon.c in Sources */ = {isa = PBXBuildFile; fileRef = 60E8548929D4F1D500C606D7 /* icon.c */; };
		60E8548E29D5DF9700C606D7 /* item.c in Sources */ = {isa = PBXBuildFile; fileRef = 60E8548D29D5DF9700C606D7 /* item.c */; };
		60EB154D29E0624100DBCED8 /* particle.c in Sources */ = {isa = PBXBuildFile; fileRef = 60EB154C29E0624100DBCED8 /* particle.c */; };
		60F0A70D29D20CAF0022A995 /* coord.c in Sources */ = {isa = PBXBuildFile; fileRef = 60F0A70C29D20CAF0022A995 /* coord.c */; };
		60F0A71029D2325A0022A995 /* direction.c in Sources */ = {isa = PBXBuildFile; fileRef = 60F0A70F29D2325A0022A995 /* direction.c */; };
		60F0A71229D291330022A995 /* main.c in Sources */ = {isa = PBXBuildFile; fileRef = 60F0A71129D291330022A995 /* main.c */; };
		60FBE3E02947CC1D007C3862 /* tile.c in Sources */ = {isa = PBXBuildFile; fileRef = 60FBE3DF2947CC1D007C3862 /* tile.c */; };
		60FF54B529DB3CF5002F3C5C /* area.c in Sources */ = {isa = PBXBuildFile; fileRef = 60FF54B429DB3CF5002F3C5C /* area.c */; };
/* End PBXBuildFile section */

/* Begin PBXCopyFilesBuildPhase section */
		60637F2729136A4200352516 /* CopyFiles */ = {
			isa = PBXCopyFilesBuildPhase;
			buildActionMask = 2147483647;
			dstPath = /usr/share/man/man1/;
			dstSubfolderSpec = 0;
			files = (
			);
			runOnlyForDeploymentPostprocessing = 1;
		};
/* End PBXCopyFilesBuildPhase section */

/* Begin PBXFileReference section */
		6009752B29EC6D14002DF6AD /* game_state.h */ = {isa = PBXFileReference; lastKnownFileType = sourcecode.c.h; path = game_state.h; sourceTree = "<group>"; };
		6009752C29EC6D14002DF6AD /* game_state.c */ = {isa = PBXFileReference; lastKnownFileType = sourcecode.c.c; path = game_state.c; sourceTree = "<group>"; };
		600D4C2C29F480990013244B /* menu.h */ = {isa = PBXFileReference; lastKnownFileType = sourcecode.c.h; path = menu.h; sourceTree = "<group>"; };
		600D4C2D29F480990013244B /* menu.c */ = {isa = PBXFileReference; lastKnownFileType = sourcecode.c.c; path = menu.c; sourceTree = "<group>"; };
		601121362915ED80004A0AF3 /* gen_dungeon.c */ = {isa = PBXFileReference; lastKnownFileType = sourcecode.c.c; path = gen_dungeon.c; sourceTree = "<group>"; };
		6011213A2915EF8A004A0AF3 /* map.c */ = {isa = PBXFileReference; lastKnownFileType = sourcecode.c.c; path = map.c; sourceTree = "<group>"; };
		6011213C2915F06B004A0AF3 /* debug.c */ = {isa = PBXFileReference; lastKnownFileType = sourcecode.c.c; path = debug.c; sourceTree = "<group>"; };
		6011213E2915FDD3004A0AF3 /* assets */ = {isa = PBXFileReference; lastKnownFileType = folder; path = assets; sourceTree = "<group>"; };
		6011213F29189F4B004A0AF3 /* actor.c */ = {isa = PBXFileReference; lastKnownFileType = sourcecode.c.c; path = actor.c; sourceTree = "<group>"; };
		60373ECC29FAB6B5001CCE44 /* sound.h */ = {isa = PBXFileReference; fileEncoding = 4; lastKnownFileType = sourcecode.c.h; path = sound.h; sourceTree = "<group>"; };
		60373ECD29FAB6B5001CCE44 /* sprite.c */ = {isa = PBXFileReference; fileEncoding = 4; lastKnownFileType = sourcecode.c.c; path = sprite.c; sourceTree = "<group>"; };
		60373ECE29FAB6B5001CCE44 /* genlib.c */ = {isa = PBXFileReference; fileEncoding = 4; lastKnownFileType = sourcecode.c.c; path = genlib.c; sourceTree = "<group>"; };
		60373ECF29FAB6B5001CCE44 /* input.h */ = {isa = PBXFileReference; fileEncoding = 4; lastKnownFileType = sourcecode.c.h; path = input.h; sourceTree = "<group>"; };
		60373ED029FAB6B5001CCE44 /* list.c */ = {isa = PBXFileReference; fileEncoding = 4; lastKnownFileType = sourcecode.c.c; path = list.c; sourceTree = "<group>"; };
		60373ED129FAB6B5001CCE44 /* array.c */ = {isa = PBXFileReference; fileEncoding = 4; lastKnownFileType = sourcecode.c.c; path = array.c; sourceTree = "<group>"; };
		60373ED229FAB6B5001CCE44 /* video.c */ = {isa = PBXFileReference; fileEncoding = 4; lastKnownFileType = sourcecode.c.c; path = video.c; sourceTree = "<group>"; };
		60373ED329FAB6B5001CCE44 /* stack.c */ = {isa = PBXFileReference; fileEncoding = 4; lastKnownFileType = sourcecode.c.c; path = stack.c; sourceTree = "<group>"; };
		60373ED429FAB6B5001CCE44 /* vector.c */ = {isa = PBXFileReference; fileEncoding = 4; lastKnownFileType = sourcecode.c.c; path = vector.c; sourceTree = "<group>"; };
		60373ED529FAB6B5001CCE44 /* mathlib.h */ = {isa = PBXFileReference; fileEncoding = 4; lastKnownFileType = sourcecode.c.h; path = mathlib.h; sourceTree = "<group>"; };
		60373ED629FAB6B5001CCE44 /* texture.c */ = {isa = PBXFileReference; fileEncoding = 4; lastKnownFileType = sourcecode.c.c; path = texture.c; sourceTree = "<group>"; };
		60373ED729FAB6B5001CCE44 /* genlib.h */ = {isa = PBXFileReference; fileEncoding = 4; lastKnownFileType = sourcecode.c.h; path = genlib.h; sourceTree = "<group>"; };
		60373ED829FAB6B5001CCE44 /* list.h */ = {isa = PBXFileReference; fileEncoding = 4; lastKnownFileType = sourcecode.c.h; path = list.h; sourceTree = "<group>"; };
		60373ED929FAB6B5001CCE44 /* input.c */ = {isa = PBXFileReference; fileEncoding = 4; lastKnownFileType = sourcecode.c.c; path = input.c; sourceTree = "<group>"; };
		60373EDA29FAB6B5001CCE44 /* sprite.h */ = {isa = PBXFileReference; fileEncoding = 4; lastKnownFileType = sourcecode.c.h; path = sprite.h; sourceTree = "<group>"; };
		60373EDB29FAB6B5001CCE44 /* sound.c */ = {isa = PBXFileReference; fileEncoding = 4; lastKnownFileType = sourcecode.c.c; path = sound.c; sourceTree = "<group>"; };
		60373EDC29FAB6B5001CCE44 /* array.h */ = {isa = PBXFileReference; fileEncoding = 4; lastKnownFileType = sourcecode.c.h; path = array.h; sourceTree = "<group>"; };
		60373EDD29FAB6B5001CCE44 /* stack.h */ = {isa = PBXFileReference; fileEncoding = 4; lastKnownFileType = sourcecode.c.h; path = stack.h; sourceTree = "<group>"; };
		60373EDE29FAB6B5001CCE44 /* video.h */ = {isa = PBXFileReference; fileEncoding = 4; lastKnownFileType = sourcecode.c.h; path = video.h; sourceTree = "<group>"; };
		60373EDF29FAB6B5001CCE44 /* texture.h */ = {isa = PBXFileReference; fileEncoding = 4; lastKnownFileType = sourcecode.c.h; path = texture.h; sourceTree = "<group>"; };
		60373EE029FAB6B5001CCE44 /* mathlib.c */ = {isa = PBXFileReference; fileEncoding = 4; lastKnownFileType = sourcecode.c.c; path = mathlib.c; sourceTree = "<group>"; };
		60373EE229FAB6B5001CCE44 /* font_4x6.h */ = {isa = PBXFileReference; fileEncoding = 4; lastKnownFileType = sourcecode.c.h; path = font_4x6.h; sourceTree = "<group>"; };
		60373EE329FAB6B5001CCE44 /* atari_4x8.h */ = {isa = PBXFileReference; fileEncoding = 4; lastKnownFileType = sourcecode.c.h; path = atari_4x8.h; sourceTree = "<group>"; };
		60373EE429FAB6B5001CCE44 /* cp437_8x8.h */ = {isa = PBXFileReference; fileEncoding = 4; lastKnownFileType = sourcecode.c.h; path = cp437_8x8.h; sourceTree = "<group>"; };
		60373EE529FAB6B5001CCE44 /* nes_16x16.h */ = {isa = PBXFileReference; fileEncoding = 4; lastKnownFileType = sourcecode.c.h; path = nes_16x16.h; sourceTree = "<group>"; };
		60373EE629FAB6B5001CCE44 /* cp437_8x16.h */ = {isa = PBXFileReference; fileEncoding = 4; lastKnownFileType = sourcecode.c.h; path = cp437_8x16.h; sourceTree = "<group>"; };
		60373EE729FAB6B5001CCE44 /* vector.h */ = {isa = PBXFileReference; fileEncoding = 4; lastKnownFileType = sourcecode.c.h; path = vector.h; sourceTree = "<group>"; };
		60373EE829FAB6B5001CCE44 /* shorttypes.h */ = {isa = PBXFileReference; fileEncoding = 4; lastKnownFileType = sourcecode.c.h; path = shorttypes.h; sourceTree = "<group>"; };
		6041A51229F71C4E002E2E92 /* actors.h */ = {isa = PBXFileReference; lastKnownFileType = sourcecode.c.h; path = actors.h; sourceTree = "<group>"; };
		6041A51329F71C4E002E2E92 /* actors.c */ = {isa = PBXFileReference; lastKnownFileType = sourcecode.c.c; path = actors.c; sourceTree = "<group>"; };
		6041A51629F8AB26002E2E92 /* blob.c */ = {isa = PBXFileReference; lastKnownFileType = sourcecode.c.c; path = blob.c; sourceTree = "<group>"; };
		6041A51829F8AC45002E2E92 /* loot.h */ = {isa = PBXFileReference; lastKnownFileType = sourcecode.c.h; path = loot.h; sourceTree = "<group>"; };
		6041A51929F94CAD002E2E92 /* loot.c */ = {isa = PBXFileReference; lastKnownFileType = sourcecode.c.c; path = loot.c; sourceTree = "<group>"; };
		60558AA9291AF9CC00814C16 /* contact.c */ = {isa = PBXFileReference; lastKnownFileType = sourcecode.c.c; path = contact.c; sourceTree = "<group>"; };
		60558AAB291B08F400814C16 /* action.c */ = {isa = PBXFileReference; lastKnownFileType = sourcecode.c.c; path = action.c; sourceTree = "<group>"; };
		60577A3A29EA3CA800BF0AD8 /* map.h */ = {isa = PBXFileReference; lastKnownFileType = sourcecode.c.h; path = map.h; sourceTree = "<group>"; };
		60577A3B29EA48B400BF0AD8 /* world.h */ = {isa = PBXFileReference; lastKnownFileType = sourcecode.c.h; path = world.h; sourceTree = "<group>"; };
		60577A3C29EA48B400BF0AD8 /* world.c */ = {isa = PBXFileReference; lastKnownFileType = sourcecode.c.c; path = world.c; sourceTree = "<group>"; };
		60637F2929136A4200352516 /* RogueLike */ = {isa = PBXFileReference; explicitFileType = "compiled.mach-o.executable"; includeInIndex = 0; path = RogueLike; sourceTree = BUILT_PRODUCTS_DIR; };
		60637F2C29136A4200352516 /* game.c */ = {isa = PBXFileReference; lastKnownFileType = sourcecode.c.c; path = game.c; sourceTree = "<group>"; };
		607AFE6029EAF1350007D55E /* render.h */ = {isa = PBXFileReference; lastKnownFileType = sourcecode.c.h; path = render.h; sourceTree = "<group>"; };
		607AFE6129EAF26B0007D55E /* render.c */ = {isa = PBXFileReference; lastKnownFileType = sourcecode.c.c; path = render.c; sourceTree = "<group>"; };
		607AFE6329EB10D20007D55E /* inventory.h */ = {isa = PBXFileReference; lastKnownFileType = sourcecode.c.h; path = inventory.h; sourceTree = "<group>"; };
		607AFE6429EB10D20007D55E /* inventory.c */ = {isa = PBXFileReference; lastKnownFileType = sourcecode.c.c; path = inventory.c; sourceTree = "<group>"; };
		607E792429D8C112006FA184 /* gen_forest.c */ = {isa = PBXFileReference; lastKnownFileType = sourcecode.c.c; path = gen_forest.c; sourceTree = "<group>"; };
		608E80BB29354A830060A04D /* animation.c */ = {isa = PBXFileReference; lastKnownFileType = sourcecode.c.c; path = animation.c; sourceTree = "<group>"; };
		608E80BD2937A05F0060A04D /* player.c */ = {isa = PBXFileReference; lastKnownFileType = sourcecode.c.c; path = player.c; sourceTree = "<group>"; };
		60C3F7AE29E83EA7005FBCB9 /* gen.h */ = {isa = PBXFileReference; lastKnownFileType = sourcecode.c.h; path = gen.h; sourceTree = "<group>"; };
		60DF52C92915E35300ED43BF /* game.h */ = {isa = PBXFileReference; lastKnownFileType = sourcecode.c.h; path = game.h; sourceTree = "<group>"; };
		60E8548829D4F1D500C606D7 /* icon.h */ = {isa = PBXFileReference; lastKnownFileType = sourcecode.c.h; path = icon.h; sourceTree = "<group>"; };
		60E8548929D4F1D500C606D7 /* icon.c */ = {isa = PBXFileReference; lastKnownFileType = sourcecode.c.c; path = icon.c; sourceTree = "<group>"; };
		60E8548B29D51B1C00C606D7 /* actor.h */ = {isa = PBXFileReference; lastKnownFileType = sourcecode.c.h; path = actor.h; sourceTree = "<group>"; };
		60E8548C29D5DF9700C606D7 /* item.h */ = {isa = PBXFileReference; lastKnownFileType = sourcecode.c.h; path = item.h; sourceTree = "<group>"; };
		60E8548D29D5DF9700C606D7 /* item.c */ = {isa = PBXFileReference; lastKnownFileType = sourcecode.c.c; path = item.c; sourceTree = "<group>"; };
		60EB154B29E0624100DBCED8 /* particle.h */ = {isa = PBXFileReference; lastKnownFileType = sourcecode.c.h; path = particle.h; sourceTree = "<group>"; };
		60EB154C29E0624100DBCED8 /* particle.c */ = {isa = PBXFileReference; lastKnownFileType = sourcecode.c.c; path = particle.c; sourceTree = "<group>"; };
		60F0A70B29D20CAF0022A995 /* coord.h */ = {isa = PBXFileReference; lastKnownFileType = sourcecode.c.h; path = coord.h; sourceTree = "<group>"; };
		60F0A70C29D20CAF0022A995 /* coord.c */ = {isa = PBXFileReference; lastKnownFileType = sourcecode.c.c; path = coord.c; sourceTree = "<group>"; };
		60F0A70E29D2325A0022A995 /* direction.h */ = {isa = PBXFileReference; lastKnownFileType = sourcecode.c.h; path = direction.h; sourceTree = "<group>"; };
		60F0A70F29D2325A0022A995 /* direction.c */ = {isa = PBXFileReference; lastKnownFileType = sourcecode.c.c; path = direction.c; sourceTree = "<group>"; };
		60F0A71129D291330022A995 /* main.c */ = {isa = PBXFileReference; lastKnownFileType = sourcecode.c.c; path = main.c; sourceTree = "<group>"; };
		60F0A71329D296390022A995 /* tile.h */ = {isa = PBXFileReference; lastKnownFileType = sourcecode.c.h; path = tile.h; sourceTree = "<group>"; };
		60F0A71429D33B200022A995 /* notes.md */ = {isa = PBXFileReference; explicitFileType = net.daringfireball.markdown; path = notes.md; sourceTree = "<group>"; xcLanguageSpecificationIdentifier = xcode.lang.markdown; };
		60F9293E2919464400CDCEC8 /* debug.h */ = {isa = PBXFileReference; lastKnownFileType = sourcecode.c.h; path = debug.h; sourceTree = "<group>"; };
		60FBE3DF2947CC1D007C3862 /* tile.c */ = {isa = PBXFileReference; lastKnownFileType = sourcecode.c.c; path = tile.c; sourceTree = "<group>"; };
		60FF54B329DB3CF5002F3C5C /* area.h */ = {isa = PBXFileReference; lastKnownFileType = sourcecode.c.h; path = area.h; sourceTree = "<group>"; };
		60FF54B429DB3CF5002F3C5C /* area.c */ = {isa = PBXFileReference; lastKnownFileType = sourcecode.c.c; path = area.c; sourceTree = "<group>"; };
/* End PBXFileReference section */

/* Begin PBXFrameworksBuildPhase section */
		60637F2629136A4200352516 /* Frameworks */ = {
			isa = PBXFrameworksBuildPhase;
			buildActionMask = 2147483647;
			files = (
			);
			runOnlyForDeploymentPostprocessing = 0;
		};
/* End PBXFrameworksBuildPhase section */

/* Begin PBXGroup section */
		60373ECB29FAB6B5001CCE44 /* cgdlib */ = {
			isa = PBXGroup;
			children = (
				60373ED129FAB6B5001CCE44 /* array.c */,
				60373EDC29FAB6B5001CCE44 /* array.h */,
				60373EE129FAB6B5001CCE44 /* fonts */,
				60373ECE29FAB6B5001CCE44 /* genlib.c */,
				60373ED729FAB6B5001CCE44 /* genlib.h */,
				60373ED929FAB6B5001CCE44 /* input.c */,
				60373ECF29FAB6B5001CCE44 /* input.h */,
				60373ED029FAB6B5001CCE44 /* list.c */,
				60373ED829FAB6B5001CCE44 /* list.h */,
				60373EE029FAB6B5001CCE44 /* mathlib.c */,
				60373ED529FAB6B5001CCE44 /* mathlib.h */,
				60373EE829FAB6B5001CCE44 /* shorttypes.h */,
				60373EDB29FAB6B5001CCE44 /* sound.c */,
				60373ECC29FAB6B5001CCE44 /* sound.h */,
				60373ECD29FAB6B5001CCE44 /* sprite.c */,
				60373EDA29FAB6B5001CCE44 /* sprite.h */,
				60373ED329FAB6B5001CCE44 /* stack.c */,
				60373EDD29FAB6B5001CCE44 /* stack.h */,
				60373ED629FAB6B5001CCE44 /* texture.c */,
				60373EDF29FAB6B5001CCE44 /* texture.h */,
				60373ED429FAB6B5001CCE44 /* vector.c */,
				60373EE729FAB6B5001CCE44 /* vector.h */,
				60373ED229FAB6B5001CCE44 /* video.c */,
				60373EDE29FAB6B5001CCE44 /* video.h */,
			);
			path = cgdlib;
			sourceTree = "<group>";
		};
		60373EE129FAB6B5001CCE44 /* fonts */ = {
			isa = PBXGroup;
			children = (
				60373EE229FAB6B5001CCE44 /* font_4x6.h */,
				60373EE329FAB6B5001CCE44 /* atari_4x8.h */,
				60373EE429FAB6B5001CCE44 /* cp437_8x8.h */,
				60373EE529FAB6B5001CCE44 /* nes_16x16.h */,
				60373EE629FAB6B5001CCE44 /* cp437_8x16.h */,
			);
			path = fonts;
			sourceTree = "<group>";
		};
		6041A51529F8AAF3002E2E92 /* mobs */ = {
			isa = PBXGroup;
			children = (
				6041A51629F8AB26002E2E92 /* blob.c */,
			);
			path = mobs;
			sourceTree = "<group>";
		};
		60637F2029136A4200352516 = {
			isa = PBXGroup;
			children = (
				60637F2B29136A4200352516 /* RogueLike */,
				60637F2A29136A4200352516 /* Products */,
			);
			sourceTree = "<group>";
		};
		60637F2A29136A4200352516 /* Products */ = {
			isa = PBXGroup;
			children = (
				60637F2929136A4200352516 /* RogueLike */,
			);
			name = Products;
			sourceTree = "<group>";
		};
		60637F2B29136A4200352516 /* RogueLike */ = {
			isa = PBXGroup;
			children = (
				60373ECB29FAB6B5001CCE44 /* cgdlib */,
				6011213E2915FDD3004A0AF3 /* assets */,
				60FF54B329DB3CF5002F3C5C /* area.h */,
				60FF54B429DB3CF5002F3C5C /* area.c */,
				60558AAB291B08F400814C16 /* action.c */,
				60E8548B29D51B1C00C606D7 /* actor.h */,
				6011213F29189F4B004A0AF3 /* actor.c */,
				6041A51229F71C4E002E2E92 /* actors.h */,
				6041A51329F71C4E002E2E92 /* actors.c */,
				608E80BB29354A830060A04D /* animation.c */,
				60558AA9291AF9CC00814C16 /* contact.c */,
				60F0A70B29D20CAF0022A995 /* coord.h */,
				60F0A70C29D20CAF0022A995 /* coord.c */,
				60F9293E2919464400CDCEC8 /* debug.h */,
				6011213C2915F06B004A0AF3 /* debug.c */,
				60F0A70E29D2325A0022A995 /* direction.h */,
				60F0A70F29D2325A0022A995 /* direction.c */,
				60DF52C92915E35300ED43BF /* game.h */,
				60637F2C29136A4200352516 /* game.c */,
				6009752B29EC6D14002DF6AD /* game_state.h */,
				6009752C29EC6D14002DF6AD /* game_state.c */,
				60C3F7AE29E83EA7005FBCB9 /* gen.h */,
				601121362915ED80004A0AF3 /* gen_dungeon.c */,
				607E792429D8C112006FA184 /* gen_forest.c */,
				60E8548829D4F1D500C606D7 /* icon.h */,
				60E8548929D4F1D500C606D7 /* icon.c */,
				607AFE6329EB10D20007D55E /* inventory.h */,
				607AFE6429EB10D20007D55E /* inventory.c */,
				60E8548C29D5DF9700C606D7 /* item.h */,
				60E8548D29D5DF9700C606D7 /* item.c */,
				6041A51829F8AC45002E2E92 /* loot.h */,
				6041A51929F94CAD002E2E92 /* loot.c */,
				60F0A71129D291330022A995 /* main.c */,
				60577A3A29EA3CA800BF0AD8 /* map.h */,
				6011213A2915EF8A004A0AF3 /* map.c */,
				600D4C2C29F480990013244B /* menu.h */,
				600D4C2D29F480990013244B /* menu.c */,
				6041A51529F8AAF3002E2E92 /* mobs */,
				60EB154B29E0624100DBCED8 /* particle.h */,
				60EB154C29E0624100DBCED8 /* particle.c */,
				608E80BD2937A05F0060A04D /* player.c */,
				607AFE6029EAF1350007D55E /* render.h */,
				607AFE6129EAF26B0007D55E /* render.c */,
				60F0A71329D296390022A995 /* tile.h */,
				60FBE3DF2947CC1D007C3862 /* tile.c */,
				60577A3B29EA48B400BF0AD8 /* world.h */,
				60577A3C29EA48B400BF0AD8 /* world.c */,
				60F0A71429D33B200022A995 /* notes.md */,
			);
			path = RogueLike;
			sourceTree = "<group>";
		};
/* End PBXGroup section */

/* Begin PBXNativeTarget section */
		60637F2829136A4200352516 /* RogueLike */ = {
			isa = PBXNativeTarget;
			buildConfigurationList = 60637F3029136A4200352516 /* Build configuration list for PBXNativeTarget "RogueLike" */;
			buildPhases = (
				60637F2529136A4200352516 /* Sources */,
				60637F2629136A4200352516 /* Frameworks */,
				60637F2729136A4200352516 /* CopyFiles */,
			);
			buildRules = (
			);
			dependencies = (
			);
			name = RogueLike;
			productName = GameBeta;
			productReference = 60637F2929136A4200352516 /* RogueLike */;
			productType = "com.apple.product-type.tool";
		};
/* End PBXNativeTarget section */

/* Begin PBXProject section */
		60637F2129136A4200352516 /* Project object */ = {
			isa = PBXProject;
			attributes = {
				BuildIndependentTargetsInParallel = 1;
				LastUpgradeCheck = 1420;
				TargetAttributes = {
					60637F2829136A4200352516 = {
						CreatedOnToolsVersion = 14.0.1;
					};
				};
			};
			buildConfigurationList = 60637F2429136A4200352516 /* Build configuration list for PBXProject "RogueLike" */;
			compatibilityVersion = "Xcode 14.0";
			developmentRegion = en;
			hasScannedForEncodings = 0;
			knownRegions = (
				en,
				Base,
			);
			mainGroup = 60637F2029136A4200352516;
			productRefGroup = 60637F2A29136A4200352516 /* Products */;
			projectDirPath = "";
			projectRoot = "";
			targets = (
				60637F2829136A4200352516 /* RogueLike */,
			);
		};
/* End PBXProject section */

/* Begin PBXSourcesBuildPhase section */
		60637F2529136A4200352516 /* Sources */ = {
			isa = PBXSourcesBuildPhase;
			buildActionMask = 2147483647;
			files = (
				60E8548E29D5DF9700C606D7 /* item.c in Sources */,
				601121372915ED80004A0AF3 /* gen_dungeon.c in Sources */,
				60373EEA29FAB6B5001CCE44 /* genlib.c in Sources */,
				60373EF029FAB6B5001CCE44 /* texture.c in Sources */,
				608E80BC29354A830060A04D /* animation.c in Sources */,
				607E792529D8C112006FA184 /* gen_forest.c in Sources */,
				60373EF329FAB6B5001CCE44 /* mathlib.c in Sources */,
				60373EEF29FAB6B5001CCE44 /* vector.c in Sources */,
				60558AAC291B08F400814C16 /* action.c in Sources */,
				60558AAA291AF9CC00814C16 /* contact.c in Sources */,
				60FF54B529DB3CF5002F3C5C /* area.c in Sources */,
				607AFE6529EB10D20007D55E /* inventory.c in Sources */,
				60373EEC29FAB6B5001CCE44 /* array.c in Sources */,
				6011214029189F4B004A0AF3 /* actor.c in Sources */,
				60EB154D29E0624100DBCED8 /* particle.c in Sources */,
				60637F2D29136A4200352516 /* game.c in Sources */,
				6011213D2915F06B004A0AF3 /* debug.c in Sources */,
				60373EEE29FAB6B5001CCE44 /* stack.c in Sources */,
				6009752D29EC6D14002DF6AD /* game_state.c in Sources */,
				607AFE6229EAF26B0007D55E /* render.c in Sources */,
				60373EE929FAB6B5001CCE44 /* sprite.c in Sources */,
				6041A51A29F94CAD002E2E92 /* loot.c in Sources */,
				600D4C2E29F480990013244B /* menu.c in Sources */,
				60373EF129FAB6B5001CCE44 /* input.c in Sources */,
				6041A51729F8AB26002E2E92 /* blob.c in Sources */,
				60577A3D29EA48B400BF0AD8 /* world.c in Sources */,
				60F0A71229D291330022A995 /* main.c in Sources */,
				60FBE3E02947CC1D007C3862 /* tile.c in Sources */,
				6011213B2915EF8A004A0AF3 /* map.c in Sources */,
				6041A51429F71C4E002E2E92 /* actors.c in Sources */,
				60373EED29FAB6B5001CCE44 /* video.c in Sources */,
				60E8548A29D4F1D500C606D7 /* icon.c in Sources */,
				608E80BE2937A05F0060A04D /* player.c in Sources */,
				60F0A71029D2325A0022A995 /* direction.c in Sources */,
				60373EF229FAB6B5001CCE44 /* sound.c in Sources */,
				60F0A70D29D20CAF0022A995 /* coord.c in Sources */,
				60373EEB29FAB6B5001CCE44 /* list.c in Sources */,
			);
			runOnlyForDeploymentPostprocessing = 0;
		};
/* End PBXSourcesBuildPhase section */

/* Begin XCBuildConfiguration section */
		60637F2E29136A4200352516 /* Debug */ = {
			isa = XCBuildConfiguration;
			buildSettings = {
				ALWAYS_SEARCH_USER_PATHS = NO;
				CLANG_ANALYZER_NONNULL = YES;
				CLANG_ANALYZER_NUMBER_OBJECT_CONVERSION = YES_AGGRESSIVE;
				CLANG_CXX_LANGUAGE_STANDARD = "gnu++20";
				CLANG_ENABLE_MODULES = YES;
				CLANG_ENABLE_OBJC_ARC = YES;
				CLANG_ENABLE_OBJC_WEAK = YES;
				CLANG_WARN_BLOCK_CAPTURE_AUTORELEASING = YES;
				CLANG_WARN_BOOL_CONVERSION = YES;
				CLANG_WARN_COMMA = YES;
				CLANG_WARN_CONSTANT_CONVERSION = YES;
				CLANG_WARN_DEPRECATED_OBJC_IMPLEMENTATIONS = YES;
				CLANG_WARN_DIRECT_OBJC_ISA_USAGE = YES_ERROR;
				CLANG_WARN_DOCUMENTATION_COMMENTS = YES;
				CLANG_WARN_EMPTY_BODY = YES;
				CLANG_WARN_ENUM_CONVERSION = YES;
				CLANG_WARN_INFINITE_RECURSION = YES;
				CLANG_WARN_INT_CONVERSION = YES;
				CLANG_WARN_NON_LITERAL_NULL_CONVERSION = YES;
				CLANG_WARN_OBJC_IMPLICIT_RETAIN_SELF = YES;
				CLANG_WARN_OBJC_LITERAL_CONVERSION = YES;
				CLANG_WARN_OBJC_ROOT_CLASS = YES_ERROR;
				CLANG_WARN_QUOTED_INCLUDE_IN_FRAMEWORK_HEADER = YES;
				CLANG_WARN_RANGE_LOOP_ANALYSIS = YES;
				CLANG_WARN_STRICT_PROTOTYPES = YES;
				CLANG_WARN_SUSPICIOUS_MOVE = YES;
				CLANG_WARN_UNGUARDED_AVAILABILITY = YES_AGGRESSIVE;
				CLANG_WARN_UNREACHABLE_CODE = YES;
				CLANG_WARN__DUPLICATE_METHOD_MATCH = YES;
				COPY_PHASE_STRIP = NO;
				DEAD_CODE_STRIPPING = YES;
				DEBUG_INFORMATION_FORMAT = dwarf;
				ENABLE_STRICT_OBJC_MSGSEND = YES;
				ENABLE_TESTABILITY = YES;
				GCC_C_LANGUAGE_STANDARD = gnu11;
				GCC_DYNAMIC_NO_PIC = NO;
				GCC_NO_COMMON_BLOCKS = YES;
				GCC_OPTIMIZATION_LEVEL = 0;
				GCC_PREPROCESSOR_DEFINITIONS = (
					"DEBUG=1",
					"$(inherited)",
				);
				GCC_WARN_64_TO_32_BIT_CONVERSION = YES;
				GCC_WARN_ABOUT_RETURN_TYPE = YES_ERROR;
				GCC_WARN_UNDECLARED_SELECTOR = YES;
				GCC_WARN_UNINITIALIZED_AUTOS = YES_AGGRESSIVE;
				GCC_WARN_UNUSED_FUNCTION = YES;
				GCC_WARN_UNUSED_VARIABLE = YES;
				MACOSX_DEPLOYMENT_TARGET = 12.3;
				MTL_ENABLE_DEBUG_INFO = INCLUDE_SOURCE;
				MTL_FAST_MATH = YES;
				ONLY_ACTIVE_ARCH = YES;
				SDKROOT = macosx;
			};
			name = Debug;
		};
		60637F2F29136A4200352516 /* Release */ = {
			isa = XCBuildConfiguration;
			buildSettings = {
				ALWAYS_SEARCH_USER_PATHS = NO;
				CLANG_ANALYZER_NONNULL = YES;
				CLANG_ANALYZER_NUMBER_OBJECT_CONVERSION = YES_AGGRESSIVE;
				CLANG_CXX_LANGUAGE_STANDARD = "gnu++20";
				CLANG_ENABLE_MODULES = YES;
				CLANG_ENABLE_OBJC_ARC = YES;
				CLANG_ENABLE_OBJC_WEAK = YES;
				CLANG_WARN_BLOCK_CAPTURE_AUTORELEASING = YES;
				CLANG_WARN_BOOL_CONVERSION = YES;
				CLANG_WARN_COMMA = YES;
				CLANG_WARN_CONSTANT_CONVERSION = YES;
				CLANG_WARN_DEPRECATED_OBJC_IMPLEMENTATIONS = YES;
				CLANG_WARN_DIRECT_OBJC_ISA_USAGE = YES_ERROR;
				CLANG_WARN_DOCUMENTATION_COMMENTS = YES;
				CLANG_WARN_EMPTY_BODY = YES;
				CLANG_WARN_ENUM_CONVERSION = YES;
				CLANG_WARN_INFINITE_RECURSION = YES;
				CLANG_WARN_INT_CONVERSION = YES;
				CLANG_WARN_NON_LITERAL_NULL_CONVERSION = YES;
				CLANG_WARN_OBJC_IMPLICIT_RETAIN_SELF = YES;
				CLANG_WARN_OBJC_LITERAL_CONVERSION = YES;
				CLANG_WARN_OBJC_ROOT_CLASS = YES_ERROR;
				CLANG_WARN_QUOTED_INCLUDE_IN_FRAMEWORK_HEADER = YES;
				CLANG_WARN_RANGE_LOOP_ANALYSIS = YES;
				CLANG_WARN_STRICT_PROTOTYPES = YES;
				CLANG_WARN_SUSPICIOUS_MOVE = YES;
				CLANG_WARN_UNGUARDED_AVAILABILITY = YES_AGGRESSIVE;
				CLANG_WARN_UNREACHABLE_CODE = YES;
				CLANG_WARN__DUPLICATE_METHOD_MATCH = YES;
				COPY_PHASE_STRIP = NO;
				DEAD_CODE_STRIPPING = YES;
				DEBUG_INFORMATION_FORMAT = "dwarf-with-dsym";
				ENABLE_NS_ASSERTIONS = NO;
				ENABLE_STRICT_OBJC_MSGSEND = YES;
				GCC_C_LANGUAGE_STANDARD = gnu11;
				GCC_NO_COMMON_BLOCKS = YES;
				GCC_WARN_64_TO_32_BIT_CONVERSION = YES;
				GCC_WARN_ABOUT_RETURN_TYPE = YES_ERROR;
				GCC_WARN_UNDECLARED_SELECTOR = YES;
				GCC_WARN_UNINITIALIZED_AUTOS = YES_AGGRESSIVE;
				GCC_WARN_UNUSED_FUNCTION = YES;
				GCC_WARN_UNUSED_VARIABLE = YES;
				MACOSX_DEPLOYMENT_TARGET = 12.3;
				MTL_ENABLE_DEBUG_INFO = NO;
				MTL_FAST_MATH = YES;
				SDKROOT = macosx;
			};
			name = Release;
		};
		60637F3129136A4200352516 /* Debug */ = {
			isa = XCBuildConfiguration;
			buildSettings = {
				CODE_SIGN_ENTITLEMENTS = RogueLike/GameBeta.entitlements;
				CODE_SIGN_IDENTITY = "Apple Development";
				"CODE_SIGN_IDENTITY[sdk=macosx*]" = "Apple Development";
				CODE_SIGN_STYLE = Automatic;
				DEAD_CODE_STRIPPING = YES;
				DEVELOPMENT_TEAM = D54ZHB8K4R;
				ENABLE_HARDENED_RUNTIME = YES;
				GCC_WARN_SHADOW = YES;
				HEADER_SEARCH_PATHS = "$(HEADERS)/SDL2";
				LIBRARY_SEARCH_PATHS = "$(LIBS)";
				MACOSX_DEPLOYMENT_TARGET = 13.0;
				OTHER_LDFLAGS = (
					"-lSDL2",
					"-lSDL2_image",
				);
				PRODUCT_NAME = "$(TARGET_NAME)";
				PROVISIONING_PROFILE_SPECIFIER = "";
			};
			name = Debug;
		};
		60637F3229136A4200352516 /* Release */ = {
			isa = XCBuildConfiguration;
			buildSettings = {
				CODE_SIGN_ENTITLEMENTS = RogueLike/GameBeta.entitlements;
				CODE_SIGN_IDENTITY = "Apple Development";
				"CODE_SIGN_IDENTITY[sdk=macosx*]" = "Apple Development";
				CODE_SIGN_STYLE = Automatic;
				DEAD_CODE_STRIPPING = YES;
				DEVELOPMENT_TEAM = D54ZHB8K4R;
				ENABLE_HARDENED_RUNTIME = YES;
				GCC_WARN_SHADOW = YES;
				HEADER_SEARCH_PATHS = "$(HEADERS)/SDL2";
				LIBRARY_SEARCH_PATHS = "$(LIBS)";
				MACOSX_DEPLOYMENT_TARGET = 13.0;
				OTHER_LDFLAGS = (
					"-lSDL2",
					"-lSDL2_image",
				);
				PRODUCT_NAME = "$(TARGET_NAME)";
				PROVISIONING_PROFILE_SPECIFIER = "";
			};
			name = Release;
		};
/* End XCBuildConfiguration section */

/* Begin XCConfigurationList section */
		60637F2429136A4200352516 /* Build configuration list for PBXProject "RogueLike" */ = {
			isa = XCConfigurationList;
			buildConfigurations = (
				60637F2E29136A4200352516 /* Debug */,
				60637F2F29136A4200352516 /* Release */,
			);
			defaultConfigurationIsVisible = 0;
			defaultConfigurationName = Release;
		};
		60637F3029136A4200352516 /* Build configuration list for PBXNativeTarget "RogueLike" */ = {
			isa = XCConfigurationList;
			buildConfigurations = (
				60637F3129136A4200352516 /* Debug */,
				60637F3229136A4200352516 /* Release */,
			);
			defaultConfigurationIsVisible = 0;
			defaultConfigurationName = Release;
		};
/* End XCConfigurationList section */
	};
	rootObject = 60637F2129136A4200352516 /* Project object */;
}
